
Microsoft Visual Studio Solution File, Format Version 12.00
# Visual Studio Version 16
VisualStudioVersion = 16.0.30114.105
MinimumVisualStudioVersion = 10.0.40219.1
Project("{FAE04EC0-301F-11D3-BF4B-00C04F79EFBC}") = "ExceptionsDemo", "ExceptionsDemo\ExceptionsDemo.csproj", "{F8F525E4-AB36-49CA-A23D-891AA9840E45}"
EndProject
Global
	GlobalSection(SolutionConfigurationPlatforms) = preSolution
		Debug|Any CPU = Debug|Any CPU
		Release|Any CPU = Release|Any CPU
	EndGlobalSection
	GlobalSection(ProjectConfigurationPlatforms) = postSolution
		{F8F525E4-AB36-49CA-A23D-891AA9840E45}.Debug|Any CPU.ActiveCfg = Debug|Any CPU
		{F8F525E4-AB36-49CA-A23D-891AA9840E45}.Debug|Any CPU.Build.0 = Debug|Any CPU
		{F8F525E4-AB36-49CA-A23D-891AA9840E45}.Release|Any CPU.ActiveCfg = Release|Any CPU
		{F8F525E4-AB36-49CA-A23D-891AA9840E45}.Release|Any CPU.Build.0 = Release|Any CPU
	EndGlobalSection
	GlobalSection(SolutionProperties) = preSolution
		HideSolutionNode = FALSE
	EndGlobalSection
	GlobalSection(ExtensibilityGlobals) = postSolution
		SolutionGuid = {70029FEF-B8D4-4F01-8F99-155A19230862}
	EndGlobalSection
EndGlobal
